// !$*UTF8*$!
{
	archiveVersion = 1;
	classes = {
	};
	objectVersion = 55;
	objects = {

/* Begin PBXBuildFile section */
		D24AEDD727437FAB00098189 /* Crypto_ShenanigansApp.swift in Sources */ = {isa = PBXBuildFile; fileRef = D24AEDD627437FAB00098189 /* Crypto_ShenanigansApp.swift */; };
		D24AEDD927437FAB00098189 /* ContentView.swift in Sources */ = {isa = PBXBuildFile; fileRef = D24AEDD827437FAB00098189 /* ContentView.swift */; };
		D24AEDDB27437FB000098189 /* Assets.xcassets in Resources */ = {isa = PBXBuildFile; fileRef = D24AEDDA27437FB000098189 /* Assets.xcassets */; };
		D24AEDDE27437FB000098189 /* Preview Assets.xcassets in Resources */ = {isa = PBXBuildFile; fileRef = D24AEDDD27437FB000098189 /* Preview Assets.xcassets */; };
		D24AEDE52743802D00098189 /* LoginView.swift in Sources */ = {isa = PBXBuildFile; fileRef = D24AEDE42743802D00098189 /* LoginView.swift */; };
		D24AEDE72743889000098189 /* API.swift in Sources */ = {isa = PBXBuildFile; fileRef = D24AEDE62743889000098189 /* API.swift */; };
		D2584D3027487DE4003BD3BA /* LoggedInResponse.swift in Sources */ = {isa = PBXBuildFile; fileRef = D2584D2F27487DE4003BD3BA /* LoggedInResponse.swift */; };
		D2584D322748882D003BD3BA /* HomeView.swift in Sources */ = {isa = PBXBuildFile; fileRef = D2584D312748882D003BD3BA /* HomeView.swift */; };
		D2584D362748DA38003BD3BA /* Module.swift in Sources */ = {isa = PBXBuildFile; fileRef = D2584D352748DA38003BD3BA /* Module.swift */; };
		D2584D382748DD13003BD3BA /* ModuleView.swift in Sources */ = {isa = PBXBuildFile; fileRef = D2584D372748DD13003BD3BA /* ModuleView.swift */; };
/* End PBXBuildFile section */

/* Begin PBXFileReference section */
		D24AEDD327437FAB00098189 /* Crypto Shenanigans.app */ = {isa = PBXFileReference; explicitFileType = wrapper.application; includeInIndex = 0; path = "Crypto Shenanigans.app"; sourceTree = BUILT_PRODUCTS_DIR; };
		D24AEDD627437FAB00098189 /* Crypto_ShenanigansApp.swift */ = {isa = PBXFileReference; lastKnownFileType = sourcecode.swift; path = Crypto_ShenanigansApp.swift; sourceTree = "<group>"; };
		D24AEDD827437FAB00098189 /* ContentView.swift */ = {isa = PBXFileReference; lastKnownFileType = sourcecode.swift; path = ContentView.swift; sourceTree = "<group>"; };
		D24AEDDA27437FB000098189 /* Assets.xcassets */ = {isa = PBXFileReference; lastKnownFileType = folder.assetcatalog; path = Assets.xcassets; sourceTree = "<group>"; };
		D24AEDDD27437FB000098189 /* Preview Assets.xcassets */ = {isa = PBXFileReference; lastKnownFileType = folder.assetcatalog; path = "Preview Assets.xcassets"; sourceTree = "<group>"; };
		D24AEDE42743802D00098189 /* LoginView.swift */ = {isa = PBXFileReference; lastKnownFileType = sourcecode.swift; path = LoginView.swift; sourceTree = "<group>"; };
		D24AEDE62743889000098189 /* API.swift */ = {isa = PBXFileReference; lastKnownFileType = sourcecode.swift; path = API.swift; sourceTree = "<group>"; };
		D2584D2F27487DE4003BD3BA /* LoggedInResponse.swift */ = {isa = PBXFileReference; lastKnownFileType = sourcecode.swift; path = LoggedInResponse.swift; sourceTree = "<group>"; };
		D2584D312748882D003BD3BA /* HomeView.swift */ = {isa = PBXFileReference; lastKnownFileType = sourcecode.swift; path = HomeView.swift; sourceTree = "<group>"; };
		D2584D352748DA38003BD3BA /* Module.swift */ = {isa = PBXFileReference; lastKnownFileType = sourcecode.swift; path = Module.swift; sourceTree = "<group>"; };
		D2584D372748DD13003BD3BA /* ModuleView.swift */ = {isa = PBXFileReference; lastKnownFileType = sourcecode.swift; path = ModuleView.swift; sourceTree = "<group>"; };
/* End PBXFileReference section */

/* Begin PBXFrameworksBuildPhase section */
		D24AEDD027437FAB00098189 /* Frameworks */ = {
			isa = PBXFrameworksBuildPhase;
			buildActionMask = 2147483647;
			files = (
			);
			runOnlyForDeploymentPostprocessing = 0;
		};
/* End PBXFrameworksBuildPhase section */

/* Begin PBXGroup section */
		D228120A2746303A0018ED81 /* Views */ = {
			isa = PBXGroup;
			children = (
				D24AEDD827437FAB00098189 /* ContentView.swift */,
				D24AEDE42743802D00098189 /* LoginView.swift */,
				D2584D312748882D003BD3BA /* HomeView.swift */,
				D2584D372748DD13003BD3BA /* ModuleView.swift */,
			);
			path = Views;
			sourceTree = "<group>";
		};
		D228120B274630420018ED81 /* Utils */ = {
			isa = PBXGroup;
			children = (
				D24AEDE62743889000098189 /* API.swift */,
			);
			path = Utils;
			sourceTree = "<group>";
		};
		D228120C2746304B0018ED81 /* Models */ = {
			isa = PBXGroup;
			children = (
				D2584D2E27487DC2003BD3BA /* API */,
				D2584D352748DA38003BD3BA /* Module.swift */,
			);
			path = Models;
			sourceTree = "<group>";
		};
		D228120D2746305F0018ED81 /* Resources */ = {
			isa = PBXGroup;
			children = (
			);
			path = Resources;
			sourceTree = "<group>";
		};
		D24AEDCA27437FAB00098189 = {
			isa = PBXGroup;
			children = (
				D24AEDD527437FAB00098189 /* Crypto Shenanigans */,
				D24AEDD427437FAB00098189 /* Products */,
			);
			sourceTree = "<group>";
		};
		D24AEDD427437FAB00098189 /* Products */ = {
			isa = PBXGroup;
			children = (
				D24AEDD327437FAB00098189 /* Crypto Shenanigans.app */,
			);
			name = Products;
			sourceTree = "<group>";
		};
		D24AEDD527437FAB00098189 /* Crypto Shenanigans */ = {
			isa = PBXGroup;
			children = (
				D228120D2746305F0018ED81 /* Resources */,
				D228120C2746304B0018ED81 /* Models */,
				D228120B274630420018ED81 /* Utils */,
				D228120A2746303A0018ED81 /* Views */,
				D24AEDD627437FAB00098189 /* Crypto_ShenanigansApp.swift */,
				D24AEDDA27437FB000098189 /* Assets.xcassets */,
				D24AEDDC27437FB000098189 /* Preview Content */,
			);
			path = "Crypto Shenanigans";
			sourceTree = "<group>";
		};
		D24AEDDC27437FB000098189 /* Preview Content */ = {
			isa = PBXGroup;
			children = (
				D24AEDDD27437FB000098189 /* Preview Assets.xcassets */,
			);
			path = "Preview Content";
			sourceTree = "<group>";
		};
		D2584D2E27487DC2003BD3BA /* API */ = {
			isa = PBXGroup;
			children = (
				D2584D2F27487DE4003BD3BA /* LoggedInResponse.swift */,
			);
			path = API;
			sourceTree = "<group>";
		};
/* End PBXGroup section */

/* Begin PBXNativeTarget section */
		D24AEDD227437FAB00098189 /* Crypto Shenanigans */ = {
			isa = PBXNativeTarget;
			buildConfigurationList = D24AEDE127437FB000098189 /* Build configuration list for PBXNativeTarget "Crypto Shenanigans" */;
			buildPhases = (
				D24AEDCF27437FAB00098189 /* Sources */,
				D24AEDD027437FAB00098189 /* Frameworks */,
				D24AEDD127437FAB00098189 /* Resources */,
			);
			buildRules = (
			);
			dependencies = (
			);
			name = "Crypto Shenanigans";
			productName = "Crypto Shenanigans";
			productReference = D24AEDD327437FAB00098189 /* Crypto Shenanigans.app */;
			productType = "com.apple.product-type.application";
		};
/* End PBXNativeTarget section */

/* Begin PBXProject section */
		D24AEDCB27437FAB00098189 /* Project object */ = {
			isa = PBXProject;
			attributes = {
				BuildIndependentTargetsInParallel = 1;
				LastSwiftUpdateCheck = 1310;
				LastUpgradeCheck = 1310;
				TargetAttributes = {
					D24AEDD227437FAB00098189 = {
						CreatedOnToolsVersion = 13.1;
					};
				};
			};
			buildConfigurationList = D24AEDCE27437FAB00098189 /* Build configuration list for PBXProject "Crypto Shenanigans" */;
			compatibilityVersion = "Xcode 13.0";
			developmentRegion = en;
			hasScannedForEncodings = 0;
			knownRegions = (
				en,
				Base,
			);
			mainGroup = D24AEDCA27437FAB00098189;
			productRefGroup = D24AEDD427437FAB00098189 /* Products */;
			projectDirPath = "";
			projectRoot = "";
			targets = (
				D24AEDD227437FAB00098189 /* Crypto Shenanigans */,
			);
		};
/* End PBXProject section */

/* Begin PBXResourcesBuildPhase section */
		D24AEDD127437FAB00098189 /* Resources */ = {
			isa = PBXResourcesBuildPhase;
			buildActionMask = 2147483647;
			files = (
				D24AEDDE27437FB000098189 /* Preview Assets.xcassets in Resources */,
				D24AEDDB27437FB000098189 /* Assets.xcassets in Resources */,
			);
			runOnlyForDeploymentPostprocessing = 0;
		};
/* End PBXResourcesBuildPhase section */

/* Begin PBXSourcesBuildPhase section */
		D24AEDCF27437FAB00098189 /* Sources */ = {
			isa = PBXSourcesBuildPhase;
			buildActionMask = 2147483647;
			files = (
				D24AEDE52743802D00098189 /* LoginView.swift in Sources */,
				D24AEDD927437FAB00098189 /* ContentView.swift in Sources */,
				D2584D3027487DE4003BD3BA /* LoggedInResponse.swift in Sources */,
				D2584D322748882D003BD3BA /* HomeView.swift in Sources */,
				D2584D382748DD13003BD3BA /* ModuleView.swift in Sources */,
				D2584D362748DA38003BD3BA /* Module.swift in Sources */,
				D24AEDE72743889000098189 /* API.swift in Sources */,
				D24AEDD727437FAB00098189 /* Crypto_ShenanigansApp.swift in Sources */,
			);
			runOnlyForDeploymentPostprocessing = 0;
		};
/* End PBXSourcesBuildPhase section */

/* Begin XCBuildConfiguration section */
		D24AEDDF27437FB000098189 /* Debug */ = {
			isa = XCBuildConfiguration;
			buildSettings = {
				ALWAYS_SEARCH_USER_PATHS = NO;
				CLANG_ANALYZER_NONNULL = YES;
				CLANG_ANALYZER_NUMBER_OBJECT_CONVERSION = YES_AGGRESSIVE;
				CLANG_CXX_LANGUAGE_STANDARD = "gnu++17";
				CLANG_CXX_LIBRARY = "libc++";
				CLANG_ENABLE_MODULES = YES;
				CLANG_ENABLE_OBJC_ARC = YES;
				CLANG_ENABLE_OBJC_WEAK = YES;
				CLANG_WARN_BLOCK_CAPTURE_AUTORELEASING = YES;
				CLANG_WARN_BOOL_CONVERSION = YES;
				CLANG_WARN_COMMA = YES;
				CLANG_WARN_CONSTANT_CONVERSION = YES;
				CLANG_WARN_DEPRECATED_OBJC_IMPLEMENTATIONS = YES;
				CLANG_WARN_DIRECT_OBJC_ISA_USAGE = YES_ERROR;
				CLANG_WARN_DOCUMENTATION_COMMENTS = YES;
				CLANG_WARN_EMPTY_BODY = YES;
				CLANG_WARN_ENUM_CONVERSION = YES;
				CLANG_WARN_INFINITE_RECURSION = YES;
				CLANG_WARN_INT_CONVERSION = YES;
				CLANG_WARN_NON_LITERAL_NULL_CONVERSION = YES;
				CLANG_WARN_OBJC_IMPLICIT_RETAIN_SELF = YES;
				CLANG_WARN_OBJC_LITERAL_CONVERSION = YES;
				CLANG_WARN_OBJC_ROOT_CLASS = YES_ERROR;
				CLANG_WARN_QUOTED_INCLUDE_IN_FRAMEWORK_HEADER = YES;
				CLANG_WARN_RANGE_LOOP_ANALYSIS = YES;
				CLANG_WARN_STRICT_PROTOTYPES = YES;
				CLANG_WARN_SUSPICIOUS_MOVE = YES;
				CLANG_WARN_UNGUARDED_AVAILABILITY = YES_AGGRESSIVE;
				CLANG_WARN_UNREACHABLE_CODE = YES;
				CLANG_WARN__DUPLICATE_METHOD_MATCH = YES;
				COPY_PHASE_STRIP = NO;
				DEBUG_INFORMATION_FORMAT = dwarf;
				ENABLE_STRICT_OBJC_MSGSEND = YES;
				ENABLE_TESTABILITY = YES;
				GCC_C_LANGUAGE_STANDARD = gnu11;
				GCC_DYNAMIC_NO_PIC = NO;
				GCC_NO_COMMON_BLOCKS = YES;
				GCC_OPTIMIZATION_LEVEL = 0;
				GCC_PREPROCESSOR_DEFINITIONS = (
					"DEBUG=1",
					"$(inherited)",
				);
				GCC_WARN_64_TO_32_BIT_CONVERSION = YES;
				GCC_WARN_ABOUT_RETURN_TYPE = YES_ERROR;
				GCC_WARN_UNDECLARED_SELECTOR = YES;
				GCC_WARN_UNINITIALIZED_AUTOS = YES_AGGRESSIVE;
				GCC_WARN_UNUSED_FUNCTION = YES;
				GCC_WARN_UNUSED_VARIABLE = YES;
				IPHONEOS_DEPLOYMENT_TARGET = 15.0;
				MTL_ENABLE_DEBUG_INFO = INCLUDE_SOURCE;
				MTL_FAST_MATH = YES;
				ONLY_ACTIVE_ARCH = YES;
				SDKROOT = iphoneos;
				SWIFT_ACTIVE_COMPILATION_CONDITIONS = DEBUG;
				SWIFT_OPTIMIZATION_LEVEL = "-Onone";
			};
			name = Debug;
		};
		D24AEDE027437FB000098189 /* Release */ = {
			isa = XCBuildConfiguration;
			buildSettings = {
				ALWAYS_SEARCH_USER_PATHS = NO;
				CLANG_ANALYZER_NONNULL = YES;
				CLANG_ANALYZER_NUMBER_OBJECT_CONVERSION = YES_AGGRESSIVE;
				CLANG_CXX_LANGUAGE_STANDARD = "gnu++17";
				CLANG_CXX_LIBRARY = "libc++";
				CLANG_ENABLE_MODULES = YES;
				CLANG_ENABLE_OBJC_ARC = YES;
				CLANG_ENABLE_OBJC_WEAK = YES;
				CLANG_WARN_BLOCK_CAPTURE_AUTORELEASING = YES;
				CLANG_WARN_BOOL_CONVERSION = YES;
				CLANG_WARN_COMMA = YES;
				CLANG_WARN_CONSTANT_CONVERSION = YES;
				CLANG_WARN_DEPRECATED_OBJC_IMPLEMENTATIONS = YES;
				CLANG_WARN_DIRECT_OBJC_ISA_USAGE = YES_ERROR;
				CLANG_WARN_DOCUMENTATION_COMMENTS = YES;
				CLANG_WARN_EMPTY_BODY = YES;
				CLANG_WARN_ENUM_CONVERSION = YES;
				CLANG_WARN_INFINITE_RECURSION = YES;
				CLANG_WARN_INT_CONVERSION = YES;
				CLANG_WARN_NON_LITERAL_NULL_CONVERSION = YES;
				CLANG_WARN_OBJC_IMPLICIT_RETAIN_SELF = YES;
				CLANG_WARN_OBJC_LITERAL_CONVERSION = YES;
				CLANG_WARN_OBJC_ROOT_CLASS = YES_ERROR;
				CLANG_WARN_QUOTED_INCLUDE_IN_FRAMEWORK_HEADER = YES;
				CLANG_WARN_RANGE_LOOP_ANALYSIS = YES;
				CLANG_WARN_STRICT_PROTOTYPES = YES;
				CLANG_WARN_SUSPICIOUS_MOVE = YES;
				CLANG_WARN_UNGUARDED_AVAILABILITY = YES_AGGRESSIVE;
				CLANG_WARN_UNREACHABLE_CODE = YES;
				CLANG_WARN__DUPLICATE_METHOD_MATCH = YES;
				COPY_PHASE_STRIP = NO;
				DEBUG_INFORMATION_FORMAT = "dwarf-with-dsym";
				ENABLE_NS_ASSERTIONS = NO;
				ENABLE_STRICT_OBJC_MSGSEND = YES;
				GCC_C_LANGUAGE_STANDARD = gnu11;
				GCC_NO_COMMON_BLOCKS = YES;
				GCC_WARN_64_TO_32_BIT_CONVERSION = YES;
				GCC_WARN_ABOUT_RETURN_TYPE = YES_ERROR;
				GCC_WARN_UNDECLARED_SELECTOR = YES;
				GCC_WARN_UNINITIALIZED_AUTOS = YES_AGGRESSIVE;
				GCC_WARN_UNUSED_FUNCTION = YES;
				GCC_WARN_UNUSED_VARIABLE = YES;
				IPHONEOS_DEPLOYMENT_TARGET = 15.0;
				MTL_ENABLE_DEBUG_INFO = NO;
				MTL_FAST_MATH = YES;
				SDKROOT = iphoneos;
				SWIFT_COMPILATION_MODE = wholemodule;
				SWIFT_OPTIMIZATION_LEVEL = "-O";
				VALIDATE_PRODUCT = YES;
			};
			name = Release;
		};
		D24AEDE227437FB000098189 /* Debug */ = {
			isa = XCBuildConfiguration;
			buildSettings = {
				ASSETCATALOG_COMPILER_APPICON_NAME = AppIcon;
				ASSETCATALOG_COMPILER_GLOBAL_ACCENT_COLOR_NAME = AccentColor;
				CODE_SIGN_STYLE = Automatic;
				CURRENT_PROJECT_VERSION = 1;
				DEVELOPMENT_ASSET_PATHS = "\"Crypto Shenanigans/Preview Content\"";
				DEVELOPMENT_TEAM = V7MN36H3M2;
				ENABLE_PREVIEWS = YES;
				GENERATE_INFOPLIST_FILE = YES;
				INFOPLIST_KEY_UIApplicationSceneManifest_Generation = YES;
				INFOPLIST_KEY_UIApplicationSupportsIndirectInputEvents = YES;
				INFOPLIST_KEY_UILaunchScreen_Generation = YES;
				INFOPLIST_KEY_UISupportedInterfaceOrientations_iPad = "UIInterfaceOrientationPortrait UIInterfaceOrientationPortraitUpsideDown UIInterfaceOrientationLandscapeLeft UIInterfaceOrientationLandscapeRight";
				INFOPLIST_KEY_UISupportedInterfaceOrientations_iPhone = "UIInterfaceOrientationPortrait UIInterfaceOrientationLandscapeLeft UIInterfaceOrientationLandscapeRight";
				LD_RUNPATH_SEARCH_PATHS = (
					"$(inherited)",
					"@executable_path/Frameworks",
				);
				MARKETING_VERSION = 1.0;
				PRODUCT_BUNDLE_IDENTIFIER = "com.seb.tutorial.Crypto-Shenanigans";
				PRODUCT_NAME = "$(TARGET_NAME)";
				SWIFT_EMIT_LOC_STRINGS = YES;
				SWIFT_VERSION = 5.0;
				TARGETED_DEVICE_FAMILY = "1,2";
			};
			name = Debug;
		};
		D24AEDE327437FB000098189 /* Release */ = {
			isa = XCBuildConfiguration;
			buildSettings = {
				ASSETCATALOG_COMPILER_APPICON_NAME = AppIcon;
				ASSETCATALOG_COMPILER_GLOBAL_ACCENT_COLOR_NAME = AccentColor;
				CODE_SIGN_STYLE = Automatic;
				CURRENT_PROJECT_VERSION = 1;
				DEVELOPMENT_ASSET_PATHS = "\"Crypto Shenanigans/Preview Content\"";
				DEVELOPMENT_TEAM = V7MN36H3M2;
				ENABLE_PREVIEWS = YES;
				GENERATE_INFOPLIST_FILE = YES;
				INFOPLIST_KEY_UIApplicationSceneManifest_Generation = YES;
				INFOPLIST_KEY_UIApplicationSupportsIndirectInputEvents = YES;
				INFOPLIST_KEY_UILaunchScreen_Generation = YES;
				INFOPLIST_KEY_UISupportedInterfaceOrientations_iPad = "UIInterfaceOrientationPortrait UIInterfaceOrientationPortraitUpsideDown UIInterfaceOrientationLandscapeLeft UIInterfaceOrientationLandscapeRight";
				INFOPLIST_KEY_UISupportedInterfaceOrientations_iPhone = "UIInterfaceOrientationPortrait UIInterfaceOrientationLandscapeLeft UIInterfaceOrientationLandscapeRight";
				LD_RUNPATH_SEARCH_PATHS = (
					"$(inherited)",
					"@executable_path/Frameworks",
				);
				MARKETING_VERSION = 1.0;
				PRODUCT_BUNDLE_IDENTIFIER = "com.seb.tutorial.Crypto-Shenanigans";
				PRODUCT_NAME = "$(TARGET_NAME)";
				SWIFT_EMIT_LOC_STRINGS = YES;
				SWIFT_VERSION = 5.0;
				TARGETED_DEVICE_FAMILY = "1,2";
			};
			name = Release;
		};
/* End XCBuildConfiguration section */

/* Begin XCConfigurationList section */
		D24AEDCE27437FAB00098189 /* Build configuration list for PBXProject "Crypto Shenanigans" */ = {
			isa = XCConfigurationList;
			buildConfigurations = (
				D24AEDDF27437FB000098189 /* Debug */,
				D24AEDE027437FB000098189 /* Release */,
			);
			defaultConfigurationIsVisible = 0;
			defaultConfigurationName = Release;
		};
		D24AEDE127437FB000098189 /* Build configuration list for PBXNativeTarget "Crypto Shenanigans" */ = {
			isa = XCConfigurationList;
			buildConfigurations = (
				D24AEDE227437FB000098189 /* Debug */,
				D24AEDE327437FB000098189 /* Release */,
			);
			defaultConfigurationIsVisible = 0;
			defaultConfigurationName = Release;
		};
/* End XCConfigurationList section */
	};
	rootObject = D24AEDCB27437FAB00098189 /* Project object */;
}
